// !$*UTF8*$!
{
	archiveVersion = 1;
	classes = {
	};
	objectVersion = 46;
	objects = {

/* Begin PBXBuildFile section */
		D1D76B521ADDFD8F007AA097 /* AppDelegate.swift in Sources */ = {isa = PBXBuildFile; fileRef = D1D76B511ADDFD8F007AA097 /* AppDelegate.swift */; };
		D1D76B541ADDFD8F007AA097 /* ViewController.swift in Sources */ = {isa = PBXBuildFile; fileRef = D1D76B531ADDFD8F007AA097 /* ViewController.swift */; };
		D1D76B571ADDFD8F007AA097 /* Main.storyboard in Resources */ = {isa = PBXBuildFile; fileRef = D1D76B551ADDFD8F007AA097 /* Main.storyboard */; };
		D1D76B591ADDFD8F007AA097 /* Images.xcassets in Resources */ = {isa = PBXBuildFile; fileRef = D1D76B581ADDFD8F007AA097 /* Images.xcassets */; };
		D1D76B5C1ADDFD8F007AA097 /* LaunchScreen.xib in Resources */ = {isa = PBXBuildFile; fileRef = D1D76B5A1ADDFD8F007AA097 /* LaunchScreen.xib */; };
		D1D76B681ADDFD8F007AA097 /* yelpyTests.swift in Sources */ = {isa = PBXBuildFile; fileRef = D1D76B671ADDFD8F007AA097 /* yelpyTests.swift */; };
/* End PBXBuildFile section */

/* Begin PBXContainerItemProxy section */
		D1D76B621ADDFD8F007AA097 /* PBXContainerItemProxy */ = {
			isa = PBXContainerItemProxy;
			containerPortal = D1D76B441ADDFD8F007AA097 /* Project object */;
			proxyType = 1;
			remoteGlobalIDString = D1D76B4B1ADDFD8F007AA097;
			remoteInfo = yelpy;
		};
/* End PBXContainerItemProxy section */

/* Begin PBXFileReference section */
		D1D76B4C1ADDFD8F007AA097 /* yelpy.app */ = {isa = PBXFileReference; explicitFileType = wrapper.application; includeInIndex = 0; path = yelpy.app; sourceTree = BUILT_PRODUCTS_DIR; };
		D1D76B501ADDFD8F007AA097 /* Info.plist */ = {isa = PBXFileReference; lastKnownFileType = text.plist.xml; path = Info.plist; sourceTree = "<group>"; };
		D1D76B511ADDFD8F007AA097 /* AppDelegate.swift */ = {isa = PBXFileReference; lastKnownFileType = sourcecode.swift; path = AppDelegate.swift; sourceTree = "<group>"; };
		D1D76B531ADDFD8F007AA097 /* ViewController.swift */ = {isa = PBXFileReference; lastKnownFileType = sourcecode.swift; path = ViewController.swift; sourceTree = "<group>"; };
		D1D76B561ADDFD8F007AA097 /* Base */ = {isa = PBXFileReference; lastKnownFileType = file.storyboard; name = Base; path = Base.lproj/Main.storyboard; sourceTree = "<group>"; };
		D1D76B581ADDFD8F007AA097 /* Images.xcassets */ = {isa = PBXFileReference; lastKnownFileType = folder.assetcatalog; path = Images.xcassets; sourceTree = "<group>"; };
		D1D76B5B1ADDFD8F007AA097 /* Base */ = {isa = PBXFileReference; lastKnownFileType = file.xib; name = Base; path = Base.lproj/LaunchScreen.xib; sourceTree = "<group>"; };
		D1D76B611ADDFD8F007AA097 /* yelpyTests.xctest */ = {isa = PBXFileReference; explicitFileType = wrapper.cfbundle; includeInIndex = 0; path = yelpyTests.xctest; sourceTree = BUILT_PRODUCTS_DIR; };
		D1D76B661ADDFD8F007AA097 /* Info.plist */ = {isa = PBXFileReference; lastKnownFileType = text.plist.xml; path = Info.plist; sourceTree = "<group>"; };
		D1D76B671ADDFD8F007AA097 /* yelpyTests.swift */ = {isa = PBXFileReference; lastKnownFileType = sourcecode.swift; path = yelpyTests.swift; sourceTree = "<group>"; };
/* End PBXFileReference section */

/* Begin PBXFrameworksBuildPhase section */
		D1D76B491ADDFD8F007AA097 /* Frameworks */ = {
			isa = PBXFrameworksBuildPhase;
			buildActionMask = 2147483647;
			files = (
			);
			runOnlyForDeploymentPostprocessing = 0;
		};
		D1D76B5E1ADDFD8F007AA097 /* Frameworks */ = {
			isa = PBXFrameworksBuildPhase;
			buildActionMask = 2147483647;
			files = (
			);
			runOnlyForDeploymentPostprocessing = 0;
		};
/* End PBXFrameworksBuildPhase section */

/* Begin PBXGroup section */
		D1D76B431ADDFD8F007AA097 = {
			isa = PBXGroup;
			children = (
				D1D76B4E1ADDFD8F007AA097 /* yelpy */,
				D1D76B641ADDFD8F007AA097 /* yelpyTests */,
				D1D76B4D1ADDFD8F007AA097 /* Products */,
			);
			sourceTree = "<group>";
		};
		D1D76B4D1ADDFD8F007AA097 /* Products */ = {
			isa = PBXGroup;
			children = (
				D1D76B4C1ADDFD8F007AA097 /* yelpy.app */,
				D1D76B611ADDFD8F007AA097 /* yelpyTests.xctest */,
			);
			name = Products;
			sourceTree = "<group>";
		};
		D1D76B4E1ADDFD8F007AA097 /* yelpy */ = {
			isa = PBXGroup;
			children = (
				D1D76B511ADDFD8F007AA097 /* AppDelegate.swift */,
				D1D76B531ADDFD8F007AA097 /* ViewController.swift */,
				D1D76B551ADDFD8F007AA097 /* Main.storyboard */,
				D1D76B581ADDFD8F007AA097 /* Images.xcassets */,
				D1D76B5A1ADDFD8F007AA097 /* LaunchScreen.xib */,
				D1D76B4F1ADDFD8F007AA097 /* Supporting Files */,
			);
			path = yelpy;
			sourceTree = "<group>";
		};
		D1D76B4F1ADDFD8F007AA097 /* Supporting Files */ = {
			isa = PBXGroup;
			children = (
				D1D76B501ADDFD8F007AA097 /* Info.plist */,
			);
			name = "Supporting Files";
			sourceTree = "<group>";
		};
		D1D76B641ADDFD8F007AA097 /* yelpyTests */ = {
			isa = PBXGroup;
			children = (
				D1D76B671ADDFD8F007AA097 /* yelpyTests.swift */,
				D1D76B651ADDFD8F007AA097 /* Supporting Files */,
			);
			path = yelpyTests;
			sourceTree = "<group>";
		};
		D1D76B651ADDFD8F007AA097 /* Supporting Files */ = {
			isa = PBXGroup;
			children = (
				D1D76B661ADDFD8F007AA097 /* Info.plist */,
			);
			name = "Supporting Files";
			sourceTree = "<group>";
		};
/* End PBXGroup section */

/* Begin PBXNativeTarget section */
		D1D76B4B1ADDFD8F007AA097 /* yelpy */ = {
			isa = PBXNativeTarget;
			buildConfigurationList = D1D76B6B1ADDFD8F007AA097 /* Build configuration list for PBXNativeTarget "yelpy" */;
			buildPhases = (
				D1D76B481ADDFD8F007AA097 /* Sources */,
				D1D76B491ADDFD8F007AA097 /* Frameworks */,
				D1D76B4A1ADDFD8F007AA097 /* Resources */,
			);
			buildRules = (
			);
			dependencies = (
			);
			name = yelpy;
			productName = yelpy;
			productReference = D1D76B4C1ADDFD8F007AA097 /* yelpy.app */;
			productType = "com.apple.product-type.application";
		};
		D1D76B601ADDFD8F007AA097 /* yelpyTests */ = {
			isa = PBXNativeTarget;
			buildConfigurationList = D1D76B6E1ADDFD8F007AA097 /* Build configuration list for PBXNativeTarget "yelpyTests" */;
			buildPhases = (
				D1D76B5D1ADDFD8F007AA097 /* Sources */,
				D1D76B5E1ADDFD8F007AA097 /* Frameworks */,
				D1D76B5F1ADDFD8F007AA097 /* Resources */,
			);
			buildRules = (
			);
			dependencies = (
				D1D76B631ADDFD8F007AA097 /* PBXTargetDependency */,
			);
			name = yelpyTests;
			productName = yelpyTests;
			productReference = D1D76B611ADDFD8F007AA097 /* yelpyTests.xctest */;
			productType = "com.apple.product-type.bundle.unit-test";
		};
/* End PBXNativeTarget section */

/* Begin PBXProject section */
		D1D76B441ADDFD8F007AA097 /* Project object */ = {
			isa = PBXProject;
			attributes = {
				LastUpgradeCheck = 0620;
				ORGANIZATIONNAME = "Lisa Wang";
				TargetAttributes = {
					D1D76B4B1ADDFD8F007AA097 = {
						CreatedOnToolsVersion = 6.2;
					};
					D1D76B601ADDFD8F007AA097 = {
						CreatedOnToolsVersion = 6.2;
						TestTargetID = D1D76B4B1ADDFD8F007AA097;
					};
				};
			};
			buildConfigurationList = D1D76B471ADDFD8F007AA097 /* Build configuration list for PBXProject "yelpy" */;
			compatibilityVersion = "Xcode 3.2";
			developmentRegion = English;
			hasScannedForEncodings = 0;
			knownRegions = (
				en,
				Base,
			);
			mainGroup = D1D76B431ADDFD8F007AA097;
			productRefGroup = D1D76B4D1ADDFD8F007AA097 /* Products */;
			projectDirPath = "";
			projectRoot = "";
			targets = (
				D1D76B4B1ADDFD8F007AA097 /* yelpy */,
				D1D76B601ADDFD8F007AA097 /* yelpyTests */,
			);
		};
/* End PBXProject section */

/* Begin PBXResourcesBuildPhase section */
		D1D76B4A1ADDFD8F007AA097 /* Resources */ = {
			isa = PBXResourcesBuildPhase;
			buildActionMask = 2147483647;
			files = (
				D1D76B571ADDFD8F007AA097 /* Main.storyboard in Resources */,
				D1D76B5C1ADDFD8F007AA097 /* LaunchScreen.xib in Resources */,
				D1D76B591ADDFD8F007AA097 /* Images.xcassets in Resources */,
			);
			runOnlyForDeploymentPostprocessing = 0;
		};
		D1D76B5F1ADDFD8F007AA097 /* Resources */ = {
			isa = PBXResourcesBuildPhase;
			buildActionMask = 2147483647;
			files = (
			);
			runOnlyForDeploymentPostprocessing = 0;
		};
/* End PBXResourcesBuildPhase section */

/* Begin PBXSourcesBuildPhase section */
		D1D76B481ADDFD8F007AA097 /* Sources */ = {
			isa = PBXSourcesBuildPhase;
			buildActionMask = 2147483647;
			files = (
				D1D76B541ADDFD8F007AA097 /* ViewController.swift in Sources */,
				D1D76B521ADDFD8F007AA097 /* AppDelegate.swift in Sources */,
			);
			runOnlyForDeploymentPostprocessing = 0;
		};
		D1D76B5D1ADDFD8F007AA097 /* Sources */ = {
			isa = PBXSourcesBuildPhase;
			buildActionMask = 2147483647;
			files = (
				D1D76B681ADDFD8F007AA097 /* yelpyTests.swift in Sources */,
			);
			runOnlyForDeploymentPostprocessing = 0;
		};
/* End PBXSourcesBuildPhase section */

/* Begin PBXTargetDependency section */
		D1D76B631ADDFD8F007AA097 /* PBXTargetDependency */ = {
			isa = PBXTargetDependency;
			target = D1D76B4B1ADDFD8F007AA097 /* yelpy */;
			targetProxy = D1D76B621ADDFD8F007AA097 /* PBXContainerItemProxy */;
		};
/* End PBXTargetDependency section */

/* Begin PBXVariantGroup section */
		D1D76B551ADDFD8F007AA097 /* Main.storyboard */ = {
			isa = PBXVariantGroup;
			children = (
				D1D76B561ADDFD8F007AA097 /* Base */,
			);
			name = Main.storyboard;
			sourceTree = "<group>";
		};
		D1D76B5A1ADDFD8F007AA097 /* LaunchScreen.xib */ = {
			isa = PBXVariantGroup;
			children = (
				D1D76B5B1ADDFD8F007AA097 /* Base */,
			);
			name = LaunchScreen.xib;
			sourceTree = "<group>";
		};
/* End PBXVariantGroup section */

/* Begin XCBuildConfiguration section */
		D1D76B691ADDFD8F007AA097 /* Debug */ = {
			isa = XCBuildConfiguration;
			buildSettings = {
				ALWAYS_SEARCH_USER_PATHS = NO;
				CLANG_CXX_LANGUAGE_STANDARD = "gnu++0x";
				CLANG_CXX_LIBRARY = "libc++";
				CLANG_ENABLE_MODULES = YES;
				CLANG_ENABLE_OBJC_ARC = YES;
				CLANG_WARN_BOOL_CONVERSION = YES;
				CLANG_WARN_CONSTANT_CONVERSION = YES;
				CLANG_WARN_DIRECT_OBJC_ISA_USAGE = YES_ERROR;
				CLANG_WARN_EMPTY_BODY = YES;
				CLANG_WARN_ENUM_CONVERSION = YES;
				CLANG_WARN_INT_CONVERSION = YES;
				CLANG_WARN_OBJC_ROOT_CLASS = YES_ERROR;
				CLANG_WARN_UNREACHABLE_CODE = YES;
				CLANG_WARN__DUPLICATE_METHOD_MATCH = YES;
				"CODE_SIGN_IDENTITY[sdk=iphoneos*]" = "iPhone Developer";
				COPY_PHASE_STRIP = NO;
				ENABLE_STRICT_OBJC_MSGSEND = YES;
				GCC_C_LANGUAGE_STANDARD = gnu99;
				GCC_DYNAMIC_NO_PIC = NO;
				GCC_OPTIMIZATION_LEVEL = 0;
				GCC_PREPROCESSOR_DEFINITIONS = (
					"DEBUG=1",
					"$(inherited)",
				);
				GCC_SYMBOLS_PRIVATE_EXTERN = NO;
				GCC_WARN_64_TO_32_BIT_CONVERSION = YES;
				GCC_WARN_ABOUT_RETURN_TYPE = YES_ERROR;
				GCC_WARN_UNDECLARED_SELECTOR = YES;
				GCC_WARN_UNINITIALIZED_AUTOS = YES_AGGRESSIVE;
				GCC_WARN_UNUSED_FUNCTION = YES;
				GCC_WARN_UNUSED_VARIABLE = YES;
				IPHONEOS_DEPLOYMENT_TARGET = 8.2;
				MTL_ENABLE_DEBUG_INFO = YES;
				ONLY_ACTIVE_ARCH = YES;
				SDKROOT = iphoneos;
				SWIFT_OPTIMIZATION_LEVEL = "-Onone";
			};
			name = Debug;
		};
		D1D76B6A1ADDFD8F007AA097 /* Release */ = {
			isa = XCBuildConfiguration;
			buildSettings = {
				ALWAYS_SEARCH_USER_PATHS = NO;
				CLANG_CXX_LANGUAGE_STANDARD = "gnu++0x";
				CLANG_CXX_LIBRARY = "libc++";
				CLANG_ENABLE_MODULES = YES;
				CLANG_ENABLE_OBJC_ARC = YES;
				CLANG_WARN_BOOL_CONVERSION = YES;
				CLANG_WARN_CONSTANT_CONVERSION = YES;
				CLANG_WARN_DIRECT_OBJC_ISA_USAGE = YES_ERROR;
				CLANG_WARN_EMPTY_BODY = YES;
				CLANG_WARN_ENUM_CONVERSION = YES;
				CLANG_WARN_INT_CONVERSION = YES;
				CLANG_WARN_OBJC_ROOT_CLASS = YES_ERROR;
				CLANG_WARN_UNREACHABLE_CODE = YES;
				CLANG_WARN__DUPLICATE_METHOD_MATCH = YES;
				"CODE_SIGN_IDENTITY[sdk=iphoneos*]" = "iPhone Developer";
				COPY_PHASE_STRIP = NO;
				ENABLE_NS_ASSERTIONS = NO;
				ENABLE_STRICT_OBJC_MSGSEND = YES;
				GCC_C_LANGUAGE_STANDARD = gnu99;
				GCC_WARN_64_TO_32_BIT_CONVERSION = YES;
				GCC_WARN_ABOUT_RETURN_TYPE = YES_ERROR;
				GCC_WARN_UNDECLARED_SELECTOR = YES;
				GCC_WARN_UNINITIALIZED_AUTOS = YES_AGGRESSIVE;
				GCC_WARN_UNUSED_FUNCTION = YES;
				GCC_WARN_UNUSED_VARIABLE = YES;
				IPHONEOS_DEPLOYMENT_TARGET = 8.2;
				MTL_ENABLE_DEBUG_INFO = NO;
				SDKROOT = iphoneos;
				VALIDATE_PRODUCT = YES;
			};
			name = Release;
		};
		D1D76B6C1ADDFD8F007AA097 /* Debug */ = {
			isa = XCBuildConfiguration;
			buildSettings = {
				ASSETCATALOG_COMPILER_APPICON_NAME = AppIcon;
				INFOPLIST_FILE = yelpy/Info.plist;
				LD_RUNPATH_SEARCH_PATHS = "$(inherited) @executable_path/Frameworks";
				PRODUCT_NAME = "$(TARGET_NAME)";
			};
			name = Debug;
		};
		D1D76B6D1ADDFD8F007AA097 /* Release */ = {
			isa = XCBuildConfiguration;
			buildSettings = {
				ASSETCATALOG_COMPILER_APPICON_NAME = AppIcon;
				INFOPLIST_FILE = yelpy/Info.plist;
				LD_RUNPATH_SEARCH_PATHS = "$(inherited) @executable_path/Frameworks";
				PRODUCT_NAME = "$(TARGET_NAME)";
			};
			name = Release;
		};
		D1D76B6F1ADDFD8F007AA097 /* Debug */ = {
			isa = XCBuildConfiguration;
			buildSettings = {
				BUNDLE_LOADER = "$(TEST_HOST)";
				FRAMEWORK_SEARCH_PATHS = (
					"$(SDKROOT)/Developer/Library/Frameworks",
					"$(inherited)",
				);
				GCC_PREPROCESSOR_DEFINITIONS = (
					"DEBUG=1",
					"$(inherited)",
				);
				INFOPLIST_FILE = yelpyTests/Info.plist;
				LD_RUNPATH_SEARCH_PATHS = "$(inherited) @executable_path/Frameworks @loader_path/Frameworks";
				PRODUCT_NAME = "$(TARGET_NAME)";
				TEST_HOST = "$(BUILT_PRODUCTS_DIR)/yelpy.app/yelpy";
			};
			name = Debug;
		};
		D1D76B701ADDFD8F007AA097 /* Release */ = {
			isa = XCBuildConfiguration;
			buildSettings = {
				BUNDLE_LOADER = "$(TEST_HOST)";
				FRAMEWORK_SEARCH_PATHS = (
					"$(SDKROOT)/Developer/Library/Frameworks",
					"$(inherited)",
				);
				INFOPLIST_FILE = yelpyTests/Info.plist;
				LD_RUNPATH_SEARCH_PATHS = "$(inherited) @executable_path/Frameworks @loader_path/Frameworks";
				PRODUCT_NAME = "$(TARGET_NAME)";
				TEST_HOST = "$(BUILT_PRODUCTS_DIR)/yelpy.app/yelpy";
			};
			name = Release;
		};
/* End XCBuildConfiguration section */

/* Begin XCConfigurationList section */
		D1D76B471ADDFD8F007AA097 /* Build configuration list for PBXProject "yelpy" */ = {
			isa = XCConfigurationList;
			buildConfigurations = (
				D1D76B691ADDFD8F007AA097 /* Debug */,
				D1D76B6A1ADDFD8F007AA097 /* Release */,
			);
			defaultConfigurationIsVisible = 0;
			defaultConfigurationName = Release;
		};
		D1D76B6B1ADDFD8F007AA097 /* Build configuration list for PBXNativeTarget "yelpy" */ = {
			isa = XCConfigurationList;
			buildConfigurations = (
				D1D76B6C1ADDFD8F007AA097 /* Debug */,
				D1D76B6D1ADDFD8F007AA097 /* Release */,
			);
			defaultConfigurationIsVisible = 0;
		};
		D1D76B6E1ADDFD8F007AA097 /* Build configuration list for PBXNativeTarget "yelpyTests" */ = {
			isa = XCConfigurationList;
			buildConfigurations = (
				D1D76B6F1ADDFD8F007AA097 /* Debug */,
				D1D76B701ADDFD8F007AA097 /* Release */,
			);
			defaultConfigurationIsVisible = 0;
		};
/* End XCConfigurationList section */
	};
	rootObject = D1D76B441ADDFD8F007AA097 /* Project object */;
}
